// !$*UTF8*$!
{
	archiveVersion = 1;
	classes = {
	};
	objectVersion = 77;
	objects = {

/* Begin PBXBuildFile section */
		E8B359722FA4F61C002C76D8 /* PodedgeCore in Frameworks */ = {isa = PBXBuildFile; productRef = E8B359712FA4F61C002C76D8 /* PodedgeCore */; };
/* End PBXBuildFile section */

/* Begin PBXContainerItemProxy section */
		E8B358D82FA4F51F002C76D8 /* PBXContainerItemProxy */ = {
			isa = PBXContainerItemProxy;
			containerPortal = E8B358C22FA4F51D002C76D8 /* Project object */;
			proxyType = 1;
			remoteGlobalIDString = E8B358C92FA4F51D002C76D8;
			remoteInfo = Podedge;
		};
		E8B358E22FA4F51F002C76D8 /* PBXContainerItemProxy */ = {
			isa = PBXContainerItemProxy;
			containerPortal = E8B358C22FA4F51D002C76D8 /* Project object */;
			proxyType = 1;
			remoteGlobalIDString = E8B358C92FA4F51D002C76D8;
			remoteInfo = Podedge;
		};
/* End PBXContainerItemProxy section */

/* Begin PBXFileReference section */
		E8B358CA2FA4F51D002C76D8 /* Podedge.app */ = {isa = PBXFileReference; explicitFileType = wrapper.application; includeInIndex = 0; path = Podedge.app; sourceTree = BUILT_PRODUCTS_DIR; };
		E8B358D72FA4F51F002C76D8 /* PodedgeTests.xctest */ = {isa = PBXFileReference; explicitFileType = wrapper.cfbundle; includeInIndex = 0; path = PodedgeTests.xctest; sourceTree = BUILT_PRODUCTS_DIR; };
		E8B358E12FA4F51F002C76D8 /* PodedgeUITests.xctest */ = {isa = PBXFileReference; explicitFileType = wrapper.cfbundle; includeInIndex = 0; path = PodedgeUITests.xctest; sourceTree = BUILT_PRODUCTS_DIR; };
/* End PBXFileReference section */

/* Begin PBXFileSystemSynchronizedRootGroup section */
		E8B358CC2FA4F51D002C76D8 /* Podedge */ = {
			isa = PBXFileSystemSynchronizedRootGroup;
			path = Podedge;
			sourceTree = "<group>";
		};
		E8B358DA2FA4F51F002C76D8 /* PodedgeTests */ = {
			isa = PBXFileSystemSynchronizedRootGroup;
			path = PodedgeTests;
			sourceTree = "<group>";
		};
		E8B358E42FA4F51F002C76D8 /* PodedgeUITests */ = {
			isa = PBXFileSystemSynchronizedRootGroup;
			path = PodedgeUITests;
			sourceTree = "<group>";
		};
/* End PBXFileSystemSynchronizedRootGroup section */

/* Begin PBXFrameworksBuildPhase section */
		E8B358C72FA4F51D002C76D8 /* Frameworks */ = {
			isa = PBXFrameworksBuildPhase;
			buildActionMask = 2147483647;
			files = (
				E8B359722FA4F61C002C76D8 /* PodedgeCore in Frameworks */,
			);
			runOnlyForDeploymentPostprocessing = 0;
		};
		E8B358D42FA4F51F002C76D8 /* Frameworks */ = {
			isa = PBXFrameworksBuildPhase;
			buildActionMask = 2147483647;
			files = (
			);
			runOnlyForDeploymentPostprocessing = 0;
		};
		E8B358DE2FA4F51F002C76D8 /* Frameworks */ = {
			isa = PBXFrameworksBuildPhase;
			buildActionMask = 2147483647;
			files = (
			);
			runOnlyForDeploymentPostprocessing = 0;
		};
/* End PBXFrameworksBuildPhase section */

/* Begin PBXGroup section */
		E8B358C12FA4F51D002C76D8 = {
			isa = PBXGroup;
			children = (
				E8B358CC2FA4F51D002C76D8 /* Podedge */,
				E8B358DA2FA4F51F002C76D8 /* PodedgeTests */,
				E8B358E42FA4F51F002C76D8 /* PodedgeUITests */,
				E8B358CB2FA4F51D002C76D8 /* Products */,
			);
			sourceTree = "<group>";
		};
		E8B358CB2FA4F51D002C76D8 /* Products */ = {
			isa = PBXGroup;
			children = (
				E8B358CA2FA4F51D002C76D8 /* Podedge.app */,
				E8B358D72FA4F51F002C76D8 /* PodedgeTests.xctest */,
				E8B358E12FA4F51F002C76D8 /* PodedgeUITests.xctest */,
			);
			name = Products;
			sourceTree = "<group>";
		};
/* End PBXGroup section */

/* Begin PBXNativeTarget section */
		E8B358C92FA4F51D002C76D8 /* Podedge */ = {
			isa = PBXNativeTarget;
			buildConfigurationList = E8B358EB2FA4F51F002C76D8 /* Build configuration list for PBXNativeTarget "Podedge" */;
			buildPhases = (
				E8B358C62FA4F51D002C76D8 /* Sources */,
				E8B358C72FA4F51D002C76D8 /* Frameworks */,
				E8B358C82FA4F51D002C76D8 /* Resources */,
			);
			buildRules = (
			);
			dependencies = (
			);
			fileSystemSynchronizedGroups = (
				E8B358CC2FA4F51D002C76D8 /* Podedge */,
			);
			name = Podedge;
			packageProductDependencies = (
				E8B359712FA4F61C002C76D8 /* PodedgeCore */,
			);
			productName = Podedge;
			productReference = E8B358CA2FA4F51D002C76D8 /* Podedge.app */;
			productType = "com.apple.product-type.application";
		};
		E8B358D62FA4F51F002C76D8 /* PodedgeTests */ = {
			isa = PBXNativeTarget;
			buildConfigurationList = E8B358EE2FA4F51F002C76D8 /* Build configuration list for PBXNativeTarget "PodedgeTests" */;
			buildPhases = (
				E8B358D32FA4F51F002C76D8 /* Sources */,
				E8B358D42FA4F51F002C76D8 /* Frameworks */,
				E8B358D52FA4F51F002C76D8 /* Resources */,
			);
			buildRules = (
			);
			dependencies = (
				E8B358D92FA4F51F002C76D8 /* PBXTargetDependency */,
			);
			fileSystemSynchronizedGroups = (
				E8B358DA2FA4F51F002C76D8 /* PodedgeTests */,
			);
			name = PodedgeTests;
			packageProductDependencies = (
			);
			productName = PodedgeTests;
			productReference = E8B358D72FA4F51F002C76D8 /* PodedgeTests.xctest */;
			productType = "com.apple.product-type.bundle.unit-test";
		};
		E8B358E02FA4F51F002C76D8 /* PodedgeUITests */ = {
			isa = PBXNativeTarget;
			buildConfigurationList = E8B358F12FA4F51F002C76D8 /* Build configuration list for PBXNativeTarget "PodedgeUITests" */;
			buildPhases = (
				E8B358DD2FA4F51F002C76D8 /* Sources */,
				E8B358DE2FA4F51F002C76D8 /* Frameworks */,
				E8B358DF2FA4F51F002C76D8 /* Resources */,
			);
			buildRules = (
			);
			dependencies = (
				E8B358E32FA4F51F002C76D8 /* PBXTargetDependency */,
			);
			fileSystemSynchronizedGroups = (
				E8B358E42FA4F51F002C76D8 /* PodedgeUITests */,
			);
			name = PodedgeUITests;
			packageProductDependencies = (
			);
			productName = PodedgeUITests;
			productReference = E8B358E12FA4F51F002C76D8 /* PodedgeUITests.xctest */;
			productType = "com.apple.product-type.bundle.ui-testing";
		};
/* End PBXNativeTarget section */

/* Begin PBXProject section */
		E8B358C22FA4F51D002C76D8 /* Project object */ = {
			isa = PBXProject;
			attributes = {
				BuildIndependentTargetsInParallel = 1;
				LastSwiftUpdateCheck = 2640;
				LastUpgradeCheck = 2640;
				TargetAttributes = {
					E8B358C92FA4F51D002C76D8 = {
						CreatedOnToolsVersion = 26.4.1;
					};
					E8B358D62FA4F51F002C76D8 = {
						CreatedOnToolsVersion = 26.4.1;
						TestTargetID = E8B358C92FA4F51D002C76D8;
					};
					E8B358E02FA4F51F002C76D8 = {
						CreatedOnToolsVersion = 26.4.1;
						TestTargetID = E8B358C92FA4F51D002C76D8;
					};
				};
			};
			buildConfigurationList = E8B358C52FA4F51D002C76D8 /* Build configuration list for PBXProject "Podedge" */;
			developmentRegion = en;
			hasScannedForEncodings = 0;
			knownRegions = (
				en,
				Base,
			);
			mainGroup = E8B358C12FA4F51D002C76D8;
			minimizedProjectReferenceProxies = 1;
			packageReferences = (
				E8B359702FA4F61C002C76D8 /* XCLocalSwiftPackageReference "../PodedgeCore" */,
			);
			preferredProjectObjectVersion = 77;
			productRefGroup = E8B358CB2FA4F51D002C76D8 /* Products */;
			projectDirPath = "";
			projectRoot = "";
			targets = (
				E8B358C92FA4F51D002C76D8 /* Podedge */,
				E8B358D62FA4F51F002C76D8 /* PodedgeTests */,
				E8B358E02FA4F51F002C76D8 /* PodedgeUITests */,
			);
		};
/* End PBXProject section */

/* Begin PBXResourcesBuildPhase section */
		E8B358C82FA4F51D002C76D8 /* Resources */ = {
			isa = PBXResourcesBuildPhase;
			buildActionMask = 2147483647;
			files = (
			);
			runOnlyForDeploymentPostprocessing = 0;
		};
		E8B358D52FA4F51F002C76D8 /* Resources */ = {
			isa = PBXResourcesBuildPhase;
			buildActionMask = 2147483647;
			files = (
			);
			runOnlyForDeploymentPostprocessing = 0;
		};
		E8B358DF2FA4F51F002C76D8 /* Resources */ = {
			isa = PBXResourcesBuildPhase;
			buildActionMask = 2147483647;
			files = (
			);
			runOnlyForDeploymentPostprocessing = 0;
		};
/* End PBXResourcesBuildPhase section */

/* Begin PBXSourcesBuildPhase section */
		E8B358C62FA4F51D002C76D8 /* Sources */ = {
			isa = PBXSourcesBuildPhase;
			buildActionMask = 2147483647;
			files = (
			);
			runOnlyForDeploymentPostprocessing = 0;
		};
		E8B358D32FA4F51F002C76D8 /* Sources */ = {
			isa = PBXSourcesBuildPhase;
			buildActionMask = 2147483647;
			files = (
			);
			runOnlyForDeploymentPostprocessing = 0;
		};
		E8B358DD2FA4F51F002C76D8 /* Sources */ = {
			isa = PBXSourcesBuildPhase;
			buildActionMask = 2147483647;
			files = (
			);
			runOnlyForDeploymentPostprocessing = 0;
		};
/* End PBXSourcesBuildPhase section */

/* Begin PBXTargetDependency section */
		E8B358D92FA4F51F002C76D8 /* PBXTargetDependency */ = {
			isa = PBXTargetDependency;
			target = E8B358C92FA4F51D002C76D8 /* Podedge */;
			targetProxy = E8B358D82FA4F51F002C76D8 /* PBXContainerItemProxy */;
		};
		E8B358E32FA4F51F002C76D8 /* PBXTargetDependency */ = {
			isa = PBXTargetDependency;
			target = E8B358C92FA4F51D002C76D8 /* Podedge */;
			targetProxy = E8B358E22FA4F51F002C76D8 /* PBXContainerItemProxy */;
		};
/* End PBXTargetDependency section */

/* Begin XCBuildConfiguration section */
		E8B358E92FA4F51F002C76D8 /* Debug */ = {
			isa = XCBuildConfiguration;
			buildSettings = {
				ALWAYS_SEARCH_USER_PATHS = NO;
				ASSETCATALOG_COMPILER_GENERATE_SWIFT_ASSET_SYMBOL_EXTENSIONS = YES;
				CLANG_ANALYZER_NONNULL = YES;
				CLANG_ANALYZER_NUMBER_OBJECT_CONVERSION = YES_AGGRESSIVE;
				CLANG_CXX_LANGUAGE_STANDARD = "gnu++20";
				CLANG_ENABLE_MODULES = YES;
				CLANG_ENABLE_OBJC_ARC = YES;
				CLANG_ENABLE_OBJC_WEAK = YES;
				CLANG_WARN_BLOCK_CAPTURE_AUTORELEASING = YES;
				CLANG_WARN_BOOL_CONVERSION = YES;
				CLANG_WARN_COMMA = YES;
				CLANG_WARN_CONSTANT_CONVERSION = YES;
				CLANG_WARN_DEPRECATED_OBJC_IMPLEMENTATIONS = YES;
				CLANG_WARN_DIRECT_OBJC_ISA_USAGE = YES_ERROR;
				CLANG_WARN_DOCUMENTATION_COMMENTS = YES;
				CLANG_WARN_EMPTY_BODY = YES;
				CLANG_WARN_ENUM_CONVERSION = YES;
				CLANG_WARN_INFINITE_RECURSION = YES;
				CLANG_WARN_INT_CONVERSION = YES;
				CLANG_WARN_NON_LITERAL_NULL_CONVERSION = YES;
				CLANG_WARN_OBJC_IMPLICIT_RETAIN_SELF = YES;
				CLANG_WARN_OBJC_LITERAL_CONVERSION = YES;
				CLANG_WARN_OBJC_ROOT_CLASS = YES_ERROR;
				CLANG_WARN_QUOTED_INCLUDE_IN_FRAMEWORK_HEADER = YES;
				CLANG_WARN_RANGE_LOOP_ANALYSIS = YES;
				CLANG_WARN_STRICT_PROTOTYPES = YES;
				CLANG_WARN_SUSPICIOUS_MOVE = YES;
				CLANG_WARN_UNGUARDED_AVAILABILITY = YES_AGGRESSIVE;
				CLANG_WARN_UNREACHABLE_CODE = YES;
				CLANG_WARN__DUPLICATE_METHOD_MATCH = YES;
				COPY_PHASE_STRIP = NO;
				DEBUG_INFORMATION_FORMAT = dwarf;
				ENABLE_STRICT_OBJC_MSGSEND = YES;
				ENABLE_TESTABILITY = YES;
				ENABLE_USER_SCRIPT_SANDBOXING = YES;
				GCC_C_LANGUAGE_STANDARD = gnu17;
				GCC_DYNAMIC_NO_PIC = NO;
				GCC_NO_COMMON_BLOCKS = YES;
				GCC_OPTIMIZATION_LEVEL = 0;
				GCC_PREPROCESSOR_DEFINITIONS = (
					"DEBUG=1",
					"$(inherited)",
				);
				GCC_WARN_64_TO_32_BIT_CONVERSION = YES;
				GCC_WARN_ABOUT_RETURN_TYPE = YES_ERROR;
				GCC_WARN_UNDECLARED_SELECTOR = YES;
				GCC_WARN_UNINITIALIZED_AUTOS = YES_AGGRESSIVE;
				GCC_WARN_UNUSED_FUNCTION = YES;
				GCC_WARN_UNUSED_VARIABLE = YES;
				LOCALIZATION_PREFERS_STRING_CATALOGS = YES;
				MACOSX_DEPLOYMENT_TARGET = 26.4;
				MTL_ENABLE_DEBUG_INFO = INCLUDE_SOURCE;
				MTL_FAST_MATH = YES;
				ONLY_ACTIVE_ARCH = YES;
				SDKROOT = macosx;
				SWIFT_ACTIVE_COMPILATION_CONDITIONS = "DEBUG $(inherited)";
				SWIFT_OPTIMIZATION_LEVEL = "-Onone";
			};
			name = Debug;
		};
		E8B358EA2FA4F51F002C76D8 /* Release */ = {
			isa = XCBuildConfiguration;
			buildSettings = {
				ALWAYS_SEARCH_USER_PATHS = NO;
				ASSETCATALOG_COMPILER_GENERATE_SWIFT_ASSET_SYMBOL_EXTENSIONS = YES;
				CLANG_ANALYZER_NONNULL = YES;
				CLANG_ANALYZER_NUMBER_OBJECT_CONVERSION = YES_AGGRESSIVE;
				CLANG_CXX_LANGUAGE_STANDARD = "gnu++20";
				CLANG_ENABLE_MODULES = YES;
				CLANG_ENABLE_OBJC_ARC = YES;
				CLANG_ENABLE_OBJC_WEAK = YES;
				CLANG_WARN_BLOCK_CAPTURE_AUTORELEASING = YES;
				CLANG_WARN_BOOL_CONVERSION = YES;
				CLANG_WARN_COMMA = YES;
				CLANG_WARN_CONSTANT_CONVERSION = YES;
				CLANG_WARN_DEPRECATED_OBJC_IMPLEMENTATIONS = YES;
				CLANG_WARN_DIRECT_OBJC_ISA_USAGE = YES_ERROR;
				CLANG_WARN_DOCUMENTATION_COMMENTS = YES;
				CLANG_WARN_EMPTY_BODY = YES;
				CLANG_WARN_ENUM_CONVERSION = YES;
				CLANG_WARN_INFINITE_RECURSION = YES;
				CLANG_WARN_INT_CONVERSION = YES;
				CLANG_WARN_NON_LITERAL_NULL_CONVERSION = YES;
				CLANG_WARN_OBJC_IMPLICIT_RETAIN_SELF = YES;
				CLANG_WARN_OBJC_LITERAL_CONVERSION = YES;
				CLANG_WARN_OBJC_ROOT_CLASS = YES_ERROR;
				CLANG_WARN_QUOTED_INCLUDE_IN_FRAMEWORK_HEADER = YES;
				CLANG_WARN_RANGE_LOOP_ANALYSIS = YES;
				CLANG_WARN_STRICT_PROTOTYPES = YES;
				CLANG_WARN_SUSPICIOUS_MOVE = YES;
				CLANG_WARN_UNGUARDED_AVAILABILITY = YES_AGGRESSIVE;
				CLANG_WARN_UNREACHABLE_CODE = YES;
				CLANG_WARN__DUPLICATE_METHOD_MATCH = YES;
				COPY_PHASE_STRIP = NO;
				DEBUG_INFORMATION_FORMAT = "dwarf-with-dsym";
				ENABLE_NS_ASSERTIONS = NO;
				ENABLE_STRICT_OBJC_MSGSEND = YES;
				ENABLE_USER_SCRIPT_SANDBOXING = YES;
				GCC_C_LANGUAGE_STANDARD = gnu17;
				GCC_NO_COMMON_BLOCKS = YES;
				GCC_WARN_64_TO_32_BIT_CONVERSION = YES;
				GCC_WARN_ABOUT_RETURN_TYPE = YES_ERROR;
				GCC_WARN_UNDECLARED_SELECTOR = YES;
				GCC_WARN_UNINITIALIZED_AUTOS = YES_AGGRESSIVE;
				GCC_WARN_UNUSED_FUNCTION = YES;
				GCC_WARN_UNUSED_VARIABLE = YES;
				LOCALIZATION_PREFERS_STRING_CATALOGS = YES;
				MACOSX_DEPLOYMENT_TARGET = 26.4;
				MTL_ENABLE_DEBUG_INFO = NO;
				MTL_FAST_MATH = YES;
				SDKROOT = macosx;
				SWIFT_COMPILATION_MODE = wholemodule;
			};
			name = Release;
		};
		E8B358EC2FA4F51F002C76D8 /* Debug */ = {
			isa = XCBuildConfiguration;
			buildSettings = {
				ASSETCATALOG_COMPILER_APPICON_NAME = AppIcon;
				ASSETCATALOG_COMPILER_GLOBAL_ACCENT_COLOR_NAME = AccentColor;
				CODE_SIGN_STYLE = Automatic;
				COMBINE_HIDPI_IMAGES = YES;
				CURRENT_PROJECT_VERSION = 1;
				ENABLE_APP_SANDBOX = YES;
				ENABLE_PREVIEWS = YES;
				ENABLE_USER_SELECTED_FILES = readonly;
				GENERATE_INFOPLIST_FILE = YES;
				INFOPLIST_KEY_NSHumanReadableCopyright = "";
				LD_RUNPATH_SEARCH_PATHS = (
					"$(inherited)",
					"@executable_path/../Frameworks",
				);
				MARKETING_VERSION = 1.0;
				PRODUCT_BUNDLE_IDENTIFIER = com.rjourdan.Podedge;
				PRODUCT_NAME = "$(TARGET_NAME)";
				REGISTER_APP_GROUPS = YES;
				STRING_CATALOG_GENERATE_SYMBOLS = YES;
				SWIFT_APPROACHABLE_CONCURRENCY = YES;
				SWIFT_DEFAULT_ACTOR_ISOLATION = MainActor;
				SWIFT_EMIT_LOC_STRINGS = YES;
				SWIFT_UPCOMING_FEATURE_MEMBER_IMPORT_VISIBILITY = YES;
				SWIFT_VERSION = 5.0;
			};
			name = Debug;
		};
		E8B358ED2FA4F51F002C76D8 /* Release */ = {
			isa = XCBuildConfiguration;
			buildSettings = {
				ASSETCATALOG_COMPILER_APPICON_NAME = AppIcon;
				ASSETCATALOG_COMPILER_GLOBAL_ACCENT_COLOR_NAME = AccentColor;
				CODE_SIGN_STYLE = Automatic;
				COMBINE_HIDPI_IMAGES = YES;
				CURRENT_PROJECT_VERSION = 1;
				ENABLE_APP_SANDBOX = YES;
				ENABLE_PREVIEWS = YES;
				ENABLE_USER_SELECTED_FILES = readonly;
				GENERATE_INFOPLIST_FILE = YES;
				INFOPLIST_KEY_NSHumanReadableCopyright = "";
				LD_RUNPATH_SEARCH_PATHS = (
					"$(inherited)",
					"@executable_path/../Frameworks",
				);
				MARKETING_VERSION = 1.0;
				PRODUCT_BUNDLE_IDENTIFIER = com.rjourdan.Podedge;
				PRODUCT_NAME = "$(TARGET_NAME)";
				REGISTER_APP_GROUPS = YES;
				STRING_CATALOG_GENERATE_SYMBOLS = YES;
				SWIFT_APPROACHABLE_CONCURRENCY = YES;
				SWIFT_DEFAULT_ACTOR_ISOLATION = MainActor;
				SWIFT_EMIT_LOC_STRINGS = YES;
				SWIFT_UPCOMING_FEATURE_MEMBER_IMPORT_VISIBILITY = YES;
				SWIFT_VERSION = 5.0;
			};
			name = Release;
		};
		E8B358EF2FA4F51F002C76D8 /* Debug */ = {
			isa = XCBuildConfiguration;
			buildSettings = {
				BUNDLE_LOADER = "$(TEST_HOST)";
				CODE_SIGN_STYLE = Automatic;
				CURRENT_PROJECT_VERSION = 1;
				GENERATE_INFOPLIST_FILE = YES;
				MACOSX_DEPLOYMENT_TARGET = 26.4;
				MARKETING_VERSION = 1.0;
				PRODUCT_BUNDLE_IDENTIFIER = com.rjourdan.PodedgeTests;
				PRODUCT_NAME = "$(TARGET_NAME)";
				STRING_CATALOG_GENERATE_SYMBOLS = NO;
				SWIFT_APPROACHABLE_CONCURRENCY = YES;
				SWIFT_EMIT_LOC_STRINGS = NO;
				SWIFT_UPCOMING_FEATURE_MEMBER_IMPORT_VISIBILITY = YES;
				SWIFT_VERSION = 5.0;
				TEST_HOST = "$(BUILT_PRODUCTS_DIR)/Podedge.app/$(BUNDLE_EXECUTABLE_FOLDER_PATH)/Podedge";
			};
			name = Debug;
		};
		E8B358F02FA4F51F002C76D8 /* Release */ = {
			isa = XCBuildConfiguration;
			buildSettings = {
				BUNDLE_LOADER = "$(TEST_HOST)";
				CODE_SIGN_STYLE = Automatic;
				CURRENT_PROJECT_VERSION = 1;
				GENERATE_INFOPLIST_FILE = YES;
				MACOSX_DEPLOYMENT_TARGET = 26.4;
				MARKETING_VERSION = 1.0;
				PRODUCT_BUNDLE_IDENTIFIER = com.rjourdan.PodedgeTests;
				PRODUCT_NAME = "$(TARGET_NAME)";
				STRING_CATALOG_GENERATE_SYMBOLS = NO;
				SWIFT_APPROACHABLE_CONCURRENCY = YES;
				SWIFT_EMIT_LOC_STRINGS = NO;
				SWIFT_UPCOMING_FEATURE_MEMBER_IMPORT_VISIBILITY = YES;
				SWIFT_VERSION = 5.0;
				TEST_HOST = "$(BUILT_PRODUCTS_DIR)/Podedge.app/$(BUNDLE_EXECUTABLE_FOLDER_PATH)/Podedge";
			};
			name = Release;
		};
		E8B358F22FA4F51F002C76D8 /* Debug */ = {
			isa = XCBuildConfiguration;
			buildSettings = {
				CODE_SIGN_STYLE = Automatic;
				CURRENT_PROJECT_VERSION = 1;
				GENERATE_INFOPLIST_FILE = YES;
				MARKETING_VERSION = 1.0;
				PRODUCT_BUNDLE_IDENTIFIER = com.rjourdan.PodedgeUITests;
				PRODUCT_NAME = "$(TARGET_NAME)";
				STRING_CATALOG_GENERATE_SYMBOLS = NO;
				SWIFT_APPROACHABLE_CONCURRENCY = YES;
				SWIFT_EMIT_LOC_STRINGS = NO;
				SWIFT_UPCOMING_FEATURE_MEMBER_IMPORT_VISIBILITY = YES;
				SWIFT_VERSION = 5.0;
				TEST_TARGET_NAME = Podedge;
			};
			name = Debug;
		};
		E8B358F32FA4F51F002C76D8 /* Release */ = {
			isa = XCBuildConfiguration;
			buildSettings = {
				CODE_SIGN_STYLE = Automatic;
				CURRENT_PROJECT_VERSION = 1;
				GENERATE_INFOPLIST_FILE = YES;
				MARKETING_VERSION = 1.0;
				PRODUCT_BUNDLE_IDENTIFIER = com.rjourdan.PodedgeUITests;
				PRODUCT_NAME = "$(TARGET_NAME)";
				STRING_CATALOG_GENERATE_SYMBOLS = NO;
				SWIFT_APPROACHABLE_CONCURRENCY = YES;
				SWIFT_EMIT_LOC_STRINGS = NO;
				SWIFT_UPCOMING_FEATURE_MEMBER_IMPORT_VISIBILITY = YES;
				SWIFT_VERSION = 5.0;
				TEST_TARGET_NAME = Podedge;
			};
			name = Release;
		};
/* End XCBuildConfiguration section */

/* Begin XCConfigurationList section */
		E8B358C52FA4F51D002C76D8 /* Build configuration list for PBXProject "Podedge" */ = {
			isa = XCConfigurationList;
			buildConfigurations = (
				E8B358E92FA4F51F002C76D8 /* Debug */,
				E8B358EA2FA4F51F002C76D8 /* Release */,
			);
			defaultConfigurationIsVisible = 0;
			defaultConfigurationName = Release;
		};
		E8B358EB2FA4F51F002C76D8 /* Build configuration list for PBXNativeTarget "Podedge" */ = {
			isa = XCConfigurationList;
			buildConfigurations = (
				E8B358EC2FA4F51F002C76D8 /* Debug */,
				E8B358ED2FA4F51F002C76D8 /* Release */,
			);
			defaultConfigurationIsVisible = 0;
			defaultConfigurationName = Release;
		};
		E8B358EE2FA4F51F002C76D8 /* Build configuration list for PBXNativeTarget "PodedgeTests" */ = {
			isa = XCConfigurationList;
			buildConfigurations = (
				E8B358EF2FA4F51F002C76D8 /* Debug */,
				E8B358F02FA4F51F002C76D8 /* Release */,
			);
			defaultConfigurationIsVisible = 0;
			defaultConfigurationName = Release;
		};
		E8B358F12FA4F51F002C76D8 /* Build configuration list for PBXNativeTarget "PodedgeUITests" */ = {
			isa = XCConfigurationList;
			buildConfigurations = (
				E8B358F22FA4F51F002C76D8 /* Debug */,
				E8B358F32FA4F51F002C76D8 /* Release */,
			);
			defaultConfigurationIsVisible = 0;
			defaultConfigurationName = Release;
		};
/* End XCConfigurationList section */

/* Begin XCLocalSwiftPackageReference section */
		E8B359702FA4F61C002C76D8 /* XCLocalSwiftPackageReference "../PodedgeCore" */ = {
			isa = XCLocalSwiftPackageReference;
			relativePath = ../PodedgeCore;
		};
/* End XCLocalSwiftPackageReference section */

/* Begin XCSwiftPackageProductDependency section */
		E8B359712FA4F61C002C76D8 /* PodedgeCore */ = {
			isa = XCSwiftPackageProductDependency;
			productName = PodedgeCore;
		};
/* End XCSwiftPackageProductDependency section */
	};
	rootObject = E8B358C22FA4F51D002C76D8 /* Project object */;
}
